
Microsoft Visual Studio Solution File, Format Version 11.00
# Visual Studio 2010
Project("{FAE04EC0-301F-11D3-BF4B-00C04F79EFBC}") = "MediaSwap.Web", "MediaSwap.Web\MediaSwap.Web.csproj", "{4893983C-38D9-4338-833F-2ADCDD77029A}"
EndProject
Project("{FAE04EC0-301F-11D3-BF4B-00C04F79EFBC}") = "MediaSwap.Core", "MediaSwap.Core\MediaSwap.Core.csproj", "{3917ABAE-4841-4F88-A2B3-88CB9545A482}"
EndProject
Project("{FAE04EC0-301F-11D3-BF4B-00C04F79EFBC}") = "MediaSwap.EFIntegrationTests", "MediaSwap.EFIntegrationTests\MediaSwap.EFIntegrationTests.csproj", "{9BD15B04-D2B0-461E-AAD1-23BC2B562C98}"
EndProject
Project("{2150E333-8FDC-42A3-9474-1A3956D46DE8}") = "Solution Items", "Solution Items", "{BB856F09-0F9B-4208-9857-05DD577116C7}"
EndProject
Global
	GlobalSection(TestCaseManagementSettings) = postSolution
		CategoryFile = MediaSwap.vsmdi
	EndGlobalSection
	GlobalSection(SolutionConfigurationPlatforms) = preSolution
		Debug|Any CPU = Debug|Any CPU
		Release|Any CPU = Release|Any CPU
	EndGlobalSection
	GlobalSection(ProjectConfigurationPlatforms) = postSolution
		{4893983C-38D9-4338-833F-2ADCDD77029A}.Debug|Any CPU.ActiveCfg = Debug|Any CPU
		{4893983C-38D9-4338-833F-2ADCDD77029A}.Debug|Any CPU.Build.0 = Debug|Any CPU
		{4893983C-38D9-4338-833F-2ADCDD77029A}.Release|Any CPU.ActiveCfg = Release|Any CPU
		{4893983C-38D9-4338-833F-2ADCDD77029A}.Release|Any CPU.Build.0 = Release|Any CPU
		{3917ABAE-4841-4F88-A2B3-88CB9545A482}.Debug|Any CPU.ActiveCfg = Debug|Any CPU
		{3917ABAE-4841-4F88-A2B3-88CB9545A482}.Debug|Any CPU.Build.0 = Debug|Any CPU
		{3917ABAE-4841-4F88-A2B3-88CB9545A482}.Release|Any CPU.ActiveCfg = Release|Any CPU
		{3917ABAE-4841-4F88-A2B3-88CB9545A482}.Release|Any CPU.Build.0 = Release|Any CPU
		{9BD15B04-D2B0-461E-AAD1-23BC2B562C98}.Debug|Any CPU.ActiveCfg = Debug|Any CPU
		{9BD15B04-D2B0-461E-AAD1-23BC2B562C98}.Debug|Any CPU.Build.0 = Debug|Any CPU
		{9BD15B04-D2B0-461E-AAD1-23BC2B562C98}.Release|Any CPU.ActiveCfg = Release|Any CPU
		{9BD15B04-D2B0-461E-AAD1-23BC2B562C98}.Release|Any CPU.Build.0 = Release|Any CPU
	EndGlobalSection
	GlobalSection(SolutionProperties) = preSolution
		HideSolutionNode = FALSE
	EndGlobalSection
EndGlobal
